
Microsoft Visual Studio Solution File, Format Version 12.00
# Visual Studio Version 17
VisualStudioVersion = 17.11.35312.102
MinimumVisualStudioVersion = 10.0.40219.1
Project("{FAE04EC0-301F-11D3-BF4B-00C04F79EFBC}") = "rightAlignedStairCase", "rightAlignedStairCase\rightAlignedStairCase.csproj", "{0AE98A9A-89AF-4DBF-BC85-AD4A814E81EA}"
EndProject
Global
	GlobalSection(SolutionConfigurationPlatforms) = preSolution
		Debug|Any CPU = Debug|Any CPU
		Release|Any CPU = Release|Any CPU
	EndGlobalSection
	GlobalSection(ProjectConfigurationPlatforms) = postSolution
		{0AE98A9A-89AF-4DBF-BC85-AD4A814E81EA}.Debug|Any CPU.ActiveCfg = Debug|Any CPU
		{0AE98A9A-89AF-4DBF-BC85-AD4A814E81EA}.Debug|Any CPU.Build.0 = Debug|Any CPU
		{0AE98A9A-89AF-4DBF-BC85-AD4A814E81EA}.Release|Any CPU.ActiveCfg = Release|Any CPU
		{0AE98A9A-89AF-4DBF-BC85-AD4A814E81EA}.Release|Any CPU.Build.0 = Release|Any CPU
	EndGlobalSection
	GlobalSection(SolutionProperties) = preSolution
		HideSolutionNode = FALSE
	EndGlobalSection
	GlobalSection(ExtensibilityGlobals) = postSolution
		SolutionGuid = {7E2FE248-0580-4C87-8124-BA218F9B8428}
	EndGlobalSection
EndGlobal
